
Microsoft Visual Studio Solution File, Format Version 12.00
# Visual Studio Version 17
VisualStudioVersion = 17.1.32407.343
MinimumVisualStudioVersion = 10.0.40219.1
Project("{43CF58F7-A3DD-41AB-87A5-32D35F854F87}") = "GrowthAccelerator", "Source\GrowthAccelerator.csproj", "{FD2D0254-6111-450C-A9AD-BE84A877ED6A}"
EndProject
Global
	GlobalSection(SolutionConfigurationPlatforms) = preSolution
		Debug|Any CPU = Debug|Any CPU
		Release|Any CPU = Release|Any CPU
	EndGlobalSection
	GlobalSection(ProjectConfigurationPlatforms) = postSolution
		{FD2D0254-6111-450C-A9AD-BE84A877ED6A}.Debug|Any CPU.ActiveCfg = Debug|Any CPU
		{FD2D0254-6111-450C-A9AD-BE84A877ED6A}.Debug|Any CPU.Build.0 = Debug|Any CPU
		{FD2D0254-6111-450C-A9AD-BE84A877ED6A}.Release|Any CPU.ActiveCfg = Release|Any CPU
		{FD2D0254-6111-450C-A9AD-BE84A877ED6A}.Release|Any CPU.Build.0 = Release|Any CPU
	EndGlobalSection
	GlobalSection(SolutionProperties) = preSolution
		HideSolutionNode = FALSE
	EndGlobalSection
	GlobalSection(ExtensibilityGlobals) = postSolution
		SolutionGuid = {57E2E862-3F41-4484-A25F-661775C22307}
	EndGlobalSection
EndGlobal
